
Microsoft Visual Studio Solution File, Format Version 12.00
# Visual Studio Version 16
VisualStudioVersion = 16.0.30907.101
MinimumVisualStudioVersion = 10.0.40219.1
Project("{9A19103F-16F7-4668-BE54-9A1E7A4F7556}") = "PalindromeChecker.WinForms", "PalindromeChecker.WinForms\PalindromeChecker.WinForms.csproj", "{0BF0FCA4-D8B0-44D0-A4B5-BC20C8ACABE1}"
EndProject
Global
	GlobalSection(SolutionConfigurationPlatforms) = preSolution
		Debug|Any CPU = Debug|Any CPU
		Release|Any CPU = Release|Any CPU
	EndGlobalSection
	GlobalSection(ProjectConfigurationPlatforms) = postSolution
		{0BF0FCA4-D8B0-44D0-A4B5-BC20C8ACABE1}.Debug|Any CPU.ActiveCfg = Debug|Any CPU
		{0BF0FCA4-D8B0-44D0-A4B5-BC20C8ACABE1}.Debug|Any CPU.Build.0 = Debug|Any CPU
		{0BF0FCA4-D8B0-44D0-A4B5-BC20C8ACABE1}.Release|Any CPU.ActiveCfg = Release|Any CPU
		{0BF0FCA4-D8B0-44D0-A4B5-BC20C8ACABE1}.Release|Any CPU.Build.0 = Release|Any CPU
	EndGlobalSection
	GlobalSection(SolutionProperties) = preSolution
		HideSolutionNode = FALSE
	EndGlobalSection
	GlobalSection(ExtensibilityGlobals) = postSolution
		SolutionGuid = {82B4420B-6F40-44FD-B6F9-A95733879504}
	EndGlobalSection
EndGlobal
